
Microsoft Visual Studio Solution File, Format Version 12.00
# Visual Studio Version 17
VisualStudioVersion = 17.12.35514.174 d17.12
MinimumVisualStudioVersion = 10.0.40219.1
Project("{FAE04EC0-301F-11D3-BF4B-00C04F79EFBC}") = "WebLab13", "WebLab13\WebLab13.csproj", "{4EB9AB87-D807-41E4-837E-123E933798FE}"
EndProject
Global
	GlobalSection(SolutionConfigurationPlatforms) = preSolution
		Debug|Any CPU = Debug|Any CPU
		Release|Any CPU = Release|Any CPU
	EndGlobalSection
	GlobalSection(ProjectConfigurationPlatforms) = postSolution
		{4EB9AB87-D807-41E4-837E-123E933798FE}.Debug|Any CPU.ActiveCfg = Debug|Any CPU
		{4EB9AB87-D807-41E4-837E-123E933798FE}.Debug|Any CPU.Build.0 = Debug|Any CPU
		{4EB9AB87-D807-41E4-837E-123E933798FE}.Release|Any CPU.ActiveCfg = Release|Any CPU
		{4EB9AB87-D807-41E4-837E-123E933798FE}.Release|Any CPU.Build.0 = Release|Any CPU
	EndGlobalSection
	GlobalSection(SolutionProperties) = preSolution
		HideSolutionNode = FALSE
	EndGlobalSection
EndGlobal
